
Microsoft Visual Studio Solution File, Format Version 12.00
# Visual Studio Version 16
VisualStudioVersion = 16.0.31624.102
MinimumVisualStudioVersion = 10.0.40219.1
Project("{FAE04EC0-301F-11D3-BF4B-00C04F79EFBC}") = "Reverse a number", "Reverse a number\Reverse a number.csproj", "{89AD390F-5838-4E87-BA31-80372DE24111}"
EndProject
Global
	GlobalSection(SolutionConfigurationPlatforms) = preSolution
		Debug|Any CPU = Debug|Any CPU
		Release|Any CPU = Release|Any CPU
	EndGlobalSection
	GlobalSection(ProjectConfigurationPlatforms) = postSolution
		{89AD390F-5838-4E87-BA31-80372DE24111}.Debug|Any CPU.ActiveCfg = Debug|Any CPU
		{89AD390F-5838-4E87-BA31-80372DE24111}.Debug|Any CPU.Build.0 = Debug|Any CPU
		{89AD390F-5838-4E87-BA31-80372DE24111}.Release|Any CPU.ActiveCfg = Release|Any CPU
		{89AD390F-5838-4E87-BA31-80372DE24111}.Release|Any CPU.Build.0 = Release|Any CPU
	EndGlobalSection
	GlobalSection(SolutionProperties) = preSolution
		HideSolutionNode = FALSE
	EndGlobalSection
	GlobalSection(ExtensibilityGlobals) = postSolution
		SolutionGuid = {87019A83-DAF9-4DD3-AA41-99C8FBA07723}
	EndGlobalSection
EndGlobal
